
Microsoft Visual Studio Solution File, Format Version 12.00
# Visual Studio 2015
Project("{FAE04EC0-301F-11D3-BF4B-00C04F79EFBC}") = "ClonyBird.CSharp", "ClonyBird.CSharp.csproj", "{DFD51344-75A1-4F96-C569-1829C60F6699}"
EndProject
Global
	GlobalSection(SolutionConfigurationPlatforms) = preSolution
		Debug|Any CPU = Debug|Any CPU
		Release|Any CPU = Release|Any CPU
	EndGlobalSection
	GlobalSection(ProjectConfigurationPlatforms) = postSolution
		{DFD51344-75A1-4F96-C569-1829C60F6699}.Debug|Any CPU.ActiveCfg = Debug|Any CPU
		{DFD51344-75A1-4F96-C569-1829C60F6699}.Debug|Any CPU.Build.0 = Debug|Any CPU
		{DFD51344-75A1-4F96-C569-1829C60F6699}.Release|Any CPU.ActiveCfg = Release|Any CPU
		{DFD51344-75A1-4F96-C569-1829C60F6699}.Release|Any CPU.Build.0 = Release|Any CPU
	EndGlobalSection
	GlobalSection(SolutionProperties) = preSolution
		HideSolutionNode = FALSE
	EndGlobalSection
EndGlobal
